
Microsoft Visual Studio Solution File, Format Version 12.00
# Visual Studio Version 17
VisualStudioVersion = 17.5.33516.290
MinimumVisualStudioVersion = 10.0.40219.1
Project("{FAE04EC0-301F-11D3-BF4B-00C04F79EFBC}") = "PhoneDB", "WinFormsPhone\PhoneDB.csproj", "{06D43720-CC6F-42AE-B642-747D2242C200}"
EndProject
Global
	GlobalSection(SolutionConfigurationPlatforms) = preSolution
		Debug|Any CPU = Debug|Any CPU
		Release|Any CPU = Release|Any CPU
	EndGlobalSection
	GlobalSection(ProjectConfigurationPlatforms) = postSolution
		{06D43720-CC6F-42AE-B642-747D2242C200}.Debug|Any CPU.ActiveCfg = Debug|Any CPU
		{06D43720-CC6F-42AE-B642-747D2242C200}.Debug|Any CPU.Build.0 = Debug|Any CPU
		{06D43720-CC6F-42AE-B642-747D2242C200}.Release|Any CPU.ActiveCfg = Release|Any CPU
		{06D43720-CC6F-42AE-B642-747D2242C200}.Release|Any CPU.Build.0 = Release|Any CPU
	EndGlobalSection
	GlobalSection(SolutionProperties) = preSolution
		HideSolutionNode = FALSE
	EndGlobalSection
	GlobalSection(ExtensibilityGlobals) = postSolution
		SolutionGuid = {58821400-7D35-46C6-AEC7-141DE867E7D7}
	EndGlobalSection
EndGlobal
